{
  "requires": true,
  "lockfileVersion": 1,
  "dependencies": {
    "@ecodev/natural-gallery-js": {
      "version": "7.0.0",
      "resolved": "https://registry.npmjs.org/@ecodev/natural-gallery-js/-/natural-gallery-js-7.0.0.tgz",
      "integrity": "sha512-OZf+c0Ghzuk1eUlw/Aos/9PpEz6Ej1KuozRKN3Zr0KXpL2KR9kRJG84TXBUzJhU7xlSUYS6PBZ6QknItjsibWw=="
    }
  }
}
